
Microsoft Visual Studio Solution File, Format Version 12.00
# Visual Studio 15
VisualStudioVersion = 15.0.28010.2016
MinimumVisualStudioVersion = 10.0.40219.1
Project("{FAE04EC0-301F-11D3-BF4B-00C04F79EFBC}") = "OnboardingRrhh", "OnboardingRrhh\OnboardingRrhh.csproj", "{11CE964B-1287-4884-9051-277FF9819908}"
EndProject
Project("{FAE04EC0-301F-11D3-BF4B-00C04F79EFBC}") = "OnboardingRrhh.Tests", "OnboardingRrhh.Tests\OnboardingRrhh.Tests.csproj", "{C06D5492-074E-4FA8-9D42-599F4519673A}"
EndProject
Global
	GlobalSection(SolutionConfigurationPlatforms) = preSolution
		Debug|Any CPU = Debug|Any CPU
		Release|Any CPU = Release|Any CPU
	EndGlobalSection
	GlobalSection(ProjectConfigurationPlatforms) = postSolution
		{11CE964B-1287-4884-9051-277FF9819908}.Debug|Any CPU.ActiveCfg = Debug|Any CPU
		{11CE964B-1287-4884-9051-277FF9819908}.Debug|Any CPU.Build.0 = Debug|Any CPU
		{11CE964B-1287-4884-9051-277FF9819908}.Release|Any CPU.ActiveCfg = Release|Any CPU
		{11CE964B-1287-4884-9051-277FF9819908}.Release|Any CPU.Build.0 = Release|Any CPU
		{C06D5492-074E-4FA8-9D42-599F4519673A}.Debug|Any CPU.ActiveCfg = Debug|Any CPU
		{C06D5492-074E-4FA8-9D42-599F4519673A}.Debug|Any CPU.Build.0 = Debug|Any CPU
		{C06D5492-074E-4FA8-9D42-599F4519673A}.Release|Any CPU.ActiveCfg = Release|Any CPU
		{C06D5492-074E-4FA8-9D42-599F4519673A}.Release|Any CPU.Build.0 = Release|Any CPU
	EndGlobalSection
	GlobalSection(SolutionProperties) = preSolution
		HideSolutionNode = FALSE
	EndGlobalSection
	GlobalSection(ExtensibilityGlobals) = postSolution
		SolutionGuid = {4CC40057-5846-4FB9-A052-8F54CC627374}
	EndGlobalSection
EndGlobal
